
Microsoft Visual Studio Solution File, Format Version 12.00
# Visual Studio Version 17
VisualStudioVersion = 17.0.32112.339
MinimumVisualStudioVersion = 10.0.40219.1
Project("{8BC9CEB8-8B4A-11D0-8D11-00A0C91BC942}") = "juez1", "juez1\juez1.vcxproj", "{46917375-4A09-404C-84B3-BB8F93DA802A}"
EndProject
Global
	GlobalSection(SolutionConfigurationPlatforms) = preSolution
		Debug|x64 = Debug|x64
		Debug|x86 = Debug|x86
		Release|x64 = Release|x64
		Release|x86 = Release|x86
	EndGlobalSection
	GlobalSection(ProjectConfigurationPlatforms) = postSolution
		{46917375-4A09-404C-84B3-BB8F93DA802A}.Debug|x64.ActiveCfg = Debug|x64
		{46917375-4A09-404C-84B3-BB8F93DA802A}.Debug|x64.Build.0 = Debug|x64
		{46917375-4A09-404C-84B3-BB8F93DA802A}.Debug|x86.ActiveCfg = Debug|Win32
		{46917375-4A09-404C-84B3-BB8F93DA802A}.Debug|x86.Build.0 = Debug|Win32
		{46917375-4A09-404C-84B3-BB8F93DA802A}.Release|x64.ActiveCfg = Release|x64
		{46917375-4A09-404C-84B3-BB8F93DA802A}.Release|x64.Build.0 = Release|x64
		{46917375-4A09-404C-84B3-BB8F93DA802A}.Release|x86.ActiveCfg = Release|Win32
		{46917375-4A09-404C-84B3-BB8F93DA802A}.Release|x86.Build.0 = Release|Win32
	EndGlobalSection
	GlobalSection(SolutionProperties) = preSolution
		HideSolutionNode = FALSE
	EndGlobalSection
	GlobalSection(ExtensibilityGlobals) = postSolution
		SolutionGuid = {457CE04E-A315-4781-B53B-B085181CBCBE}
	EndGlobalSection
EndGlobal
